
Microsoft Visual Studio Solution File, Format Version 12.00
# Visual Studio 15
VisualStudioVersion = 15.0.26430.14
MinimumVisualStudioVersion = 10.0.40219.1
Project("{FAE04EC0-301F-11D3-BF4B-00C04F79EFBC}") = "PizzaShoppingCenter", "PizzaShoppingCenter\PizzaShoppingCenter.csproj", "{DF371AB8-CFCE-45BB-921B-18D093C30326}"
EndProject
Project("{FAE04EC0-301F-11D3-BF4B-00C04F79EFBC}") = "PizzaShopFixture", "PizzaShopFixture\PizzaShopFixture.csproj", "{1141D0BF-F3CA-412C-9C4C-7792657CC116}"
EndProject
Global
	GlobalSection(SolutionConfigurationPlatforms) = preSolution
		Debug|Any CPU = Debug|Any CPU
		Release|Any CPU = Release|Any CPU
	EndGlobalSection
	GlobalSection(ProjectConfigurationPlatforms) = postSolution
		{DF371AB8-CFCE-45BB-921B-18D093C30326}.Debug|Any CPU.ActiveCfg = Debug|Any CPU
		{DF371AB8-CFCE-45BB-921B-18D093C30326}.Debug|Any CPU.Build.0 = Debug|Any CPU
		{DF371AB8-CFCE-45BB-921B-18D093C30326}.Release|Any CPU.ActiveCfg = Release|Any CPU
		{DF371AB8-CFCE-45BB-921B-18D093C30326}.Release|Any CPU.Build.0 = Release|Any CPU
		{1141D0BF-F3CA-412C-9C4C-7792657CC116}.Debug|Any CPU.ActiveCfg = Debug|Any CPU
		{1141D0BF-F3CA-412C-9C4C-7792657CC116}.Debug|Any CPU.Build.0 = Debug|Any CPU
		{1141D0BF-F3CA-412C-9C4C-7792657CC116}.Release|Any CPU.ActiveCfg = Release|Any CPU
		{1141D0BF-F3CA-412C-9C4C-7792657CC116}.Release|Any CPU.Build.0 = Release|Any CPU
	EndGlobalSection
	GlobalSection(SolutionProperties) = preSolution
		HideSolutionNode = FALSE
	EndGlobalSection
EndGlobal
